{
  "name": "@xxt-agent/openclaw-gateway",
  "version": "0.1.0",
  "lockfileVersion": 3,
  "requires": true,
  "packages": {
    "": {
      "name": "@xxt-agent/openclaw-gateway",
      "version": "0.1.0",
      "dependencies": {
        "@google-cloud/opentelemetry-cloud-trace-exporter": "^2.4.1",
        "@opentelemetry/api": "^1.9.0",
        "@opentelemetry/auto-instrumentations-node": "^0.56.0",
        "@opentelemetry/resources": "^2.7.0",
        "@opentelemetry/sdk-node": "^0.57.0",
        "@opentelemetry/sdk-trace-base": "^2.7.0",
        "@opentelemetry/semantic-conventions": "^1.28.0",
        "@xxt-agent/types": "file:../../packages/types",
        "dotenv": "^16.4.5",
        "express": "^4.18.2",
        "firebase-admin": "^12.0.0",
        "helmet": "^8.1.0",
        "ioredis": "^5.10.1",
        "swagger-jsdoc": "^6.2.8",
        "swagger-ui-express": "^5.0.1",
        "ws": "^8.16.0"
      },
      "devDependencies": {
        "@types/express": "^4.17.21",
        "@types/node": "^20.12.0",
        "@types/supertest": "^7.2.0",
        "@types/swagger-jsdoc": "^6.0.4",
        "@types/swagger-ui-express": "^4.1.8",
        "@types/ws": "^8.5.10",
        "cross-env": "^10.1.0",
        "supertest": "^7.2.2",
        "tsx": "^4.7.0",
        "typescript": "^5.4.5",
        "vitest": "^3.2.1"
      }
    },
    "../../node_modules/.pnpm/@google-cloud+opentelemetry-cloud-trace-exporter@2.4.1_@opentelemetry+api@1.9.0_@opentelemetr_t6zl7trqyewy32trziylf7r67m/node_modules/@google-cloud/opentelemetry-cloud-trace-exporter": {
      "version": "2.4.1",
      "license": "Apache-2.0",
      "dependencies": {
        "@google-cloud/opentelemetry-resource-util": "^2.4.0",
        "@grpc/grpc-js": "^1.1.8",
        "@grpc/proto-loader": "^0.7.0",
        "google-auth-library": "^9.0.0"
      },
      "devDependencies": {
        "@google-cloud/ops-js-scripts": "^1.0.0",
        "@opentelemetry/api": "1.9.0",
        "@opentelemetry/core": "1.26.0",
        "@opentelemetry/resources": "1.26.0",
        "@opentelemetry/sdk-trace-base": "1.26.0",
        "@types/mocha": "10.0.8",
        "@types/node": "14.18.63",
        "@types/sinon": "17.0.3",
        "gcp-metadata": "6.1.0",
        "google-proto-files": "4.2.0",
        "gts": "5.3.1",
        "mocha": "10.7.3",
        "nyc": "15.1.0",
        "protobufjs-cli": "1.1.3",
        "rimraf": "5.0.10",
        "sinon": "17.0.2",
        "ts-mocha": "10.0.0",
        "typescript": "4.9.5"
      },
      "engines": {
        "node": ">=14"
      },
      "peerDependencies": {
        "@opentelemetry/api": "^1.0.0",
        "@opentelemetry/core": "^1.0.0",
        "@opentelemetry/resources": "^1.0.0",
        "@opentelemetry/sdk-trace-base": "^1.0.0"
      }
    },
    "../../node_modules/.pnpm/@opentelemetry+api@1.9.0/node_modules/@opentelemetry/api": {
      "version": "1.9.0",
      "license": "Apache-2.0",
      "devDependencies": {
        "@types/mocha": "10.0.6",
        "@types/node": "18.6.5",
        "@types/sinon": "17.0.3",
        "@types/webpack": "5.28.5",
        "@types/webpack-env": "1.16.3",
        "babel-plugin-istanbul": "6.1.1",
        "codecov": "3.8.3",
        "cross-var": "1.1.0",
        "dpdm": "3.13.1",
        "karma": "6.4.3",
        "karma-chrome-launcher": "3.1.0",
        "karma-coverage": "2.2.1",
        "karma-mocha": "2.0.1",
        "karma-mocha-webworker": "1.3.0",
        "karma-spec-reporter": "0.0.36",
        "karma-webpack": "5.0.1",
        "lerna": "6.6.2",
        "memfs": "3.5.3",
        "mocha": "10.2.0",
        "nyc": "15.1.0",
        "sinon": "15.1.2",
        "ts-loader": "9.5.1",
        "ts-mocha": "10.0.0",
        "typescript": "4.4.4",
        "unionfs": "4.5.4",
        "webpack": "5.89.0"
      },
      "engines": {
        "node": ">=8.0.0"
      }
    },
    "../../node_modules/.pnpm/@opentelemetry+auto-instrumentations-node@0.56.1_@opentelemetry+api@1.9.0/node_modules/@opentelemetry/auto-instrumentations-node": {
      "version": "0.56.1",
      "license": "Apache-2.0",
      "dependencies": {
        "@opentelemetry/instrumentation": "^0.57.1",
        "@opentelemetry/instrumentation-amqplib": "^0.46.1",
        "@opentelemetry/instrumentation-aws-lambda": "^0.50.3",
        "@opentelemetry/instrumentation-aws-sdk": "^0.49.1",
        "@opentelemetry/instrumentation-bunyan": "^0.45.1",
        "@opentelemetry/instrumentation-cassandra-driver": "^0.45.1",
        "@opentelemetry/instrumentation-connect": "^0.43.1",
        "@opentelemetry/instrumentation-cucumber": "^0.14.1",
        "@opentelemetry/instrumentation-dataloader": "^0.16.1",
        "@opentelemetry/instrumentation-dns": "^0.43.1",
        "@opentelemetry/instrumentation-express": "^0.47.1",
        "@opentelemetry/instrumentation-fastify": "^0.44.2",
        "@opentelemetry/instrumentation-fs": "^0.19.1",
        "@opentelemetry/instrumentation-generic-pool": "^0.43.1",
        "@opentelemetry/instrumentation-graphql": "^0.47.1",
        "@opentelemetry/instrumentation-grpc": "^0.57.1",
        "@opentelemetry/instrumentation-hapi": "^0.45.2",
        "@opentelemetry/instrumentation-http": "^0.57.1",
        "@opentelemetry/instrumentation-ioredis": "^0.47.1",
        "@opentelemetry/instrumentation-kafkajs": "^0.7.1",
        "@opentelemetry/instrumentation-knex": "^0.44.1",
        "@opentelemetry/instrumentation-koa": "^0.47.1",
        "@opentelemetry/instrumentation-lru-memoizer": "^0.44.1",
        "@opentelemetry/instrumentation-memcached": "^0.43.1",
        "@opentelemetry/instrumentation-mongodb": "^0.52.0",
        "@opentelemetry/instrumentation-mongoose": "^0.46.1",
        "@opentelemetry/instrumentation-mysql": "^0.45.1",
        "@opentelemetry/instrumentation-mysql2": "^0.45.2",
        "@opentelemetry/instrumentation-nestjs-core": "^0.44.1",
        "@opentelemetry/instrumentation-net": "^0.43.1",
        "@opentelemetry/instrumentation-pg": "^0.51.1",
        "@opentelemetry/instrumentation-pino": "^0.46.1",
        "@opentelemetry/instrumentation-redis": "^0.46.1",
        "@opentelemetry/instrumentation-redis-4": "^0.46.1",
        "@opentelemetry/instrumentation-restify": "^0.45.1",
        "@opentelemetry/instrumentation-router": "^0.44.1",
        "@opentelemetry/instrumentation-socket.io": "^0.46.1",
        "@opentelemetry/instrumentation-tedious": "^0.18.1",
        "@opentelemetry/instrumentation-undici": "^0.10.1",
        "@opentelemetry/instrumentation-winston": "^0.44.1",
        "@opentelemetry/resource-detector-alibaba-cloud": "^0.30.1",
        "@opentelemetry/resource-detector-aws": "^1.12.0",
        "@opentelemetry/resource-detector-azure": "^0.6.1",
        "@opentelemetry/resource-detector-container": "^0.6.1",
        "@opentelemetry/resource-detector-gcp": "^0.33.1",
        "@opentelemetry/resources": "^1.24.0",
        "@opentelemetry/sdk-node": "^0.57.1"
      },
      "devDependencies": {
        "@opentelemetry/api": "^1.4.1",
        "@types/mocha": "7.0.2",
        "@types/node": "18.18.14",
        "@types/sinon": "10.0.20",
        "nyc": "15.1.0",
        "rimraf": "5.0.10",
        "sinon": "15.2.0",
        "typescript": "4.4.4"
      },
      "engines": {
        "node": ">=14"
      },
      "peerDependencies": {
        "@opentelemetry/api": "^1.4.1"
      }
    },
    "../../node_modules/.pnpm/@opentelemetry+resources@2.7.0_@opentelemetry+api@1.9.0/node_modules/@opentelemetry/resources": {
      "version": "2.7.0",
      "license": "Apache-2.0",
      "dependencies": {
        "@opentelemetry/core": "2.7.0",
        "@opentelemetry/semantic-conventions": "^1.29.0"
      },
      "devDependencies": {
        "@opentelemetry/api": ">=1.3.0 <1.10.0",
        "@types/mocha": "10.0.10",
        "@types/node": "18.19.130",
        "@types/sinon": "17.0.4",
        "@types/webpack-env": "1.16.3",
        "karma": "6.4.4",
        "karma-chrome-launcher": "3.1.0",
        "karma-coverage": "2.2.1",
        "karma-mocha": "2.0.1",
        "karma-mocha-webworker": "1.3.0",
        "karma-spec-reporter": "0.0.36",
        "karma-webpack": "5.0.1",
        "mocha": "11.7.5",
        "nock": "13.5.6",
        "nyc": "17.1.0",
        "sinon": "18.0.1",
        "typescript": "5.0.4",
        "webpack": "5.104.1",
        "webpack-cli": "7.0.2"
      },
      "engines": {
        "node": "^18.19.0 || >=20.6.0"
      },
      "peerDependencies": {
        "@opentelemetry/api": ">=1.3.0 <1.10.0"
      }
    },
    "../../node_modules/.pnpm/@opentelemetry+sdk-node@0.57.2_@opentelemetry+api@1.9.0/node_modules/@opentelemetry/sdk-node": {
      "version": "0.57.2",
      "license": "Apache-2.0",
      "dependencies": {
        "@opentelemetry/api-logs": "0.57.2",
        "@opentelemetry/core": "1.30.1",
        "@opentelemetry/exporter-logs-otlp-grpc": "0.57.2",
        "@opentelemetry/exporter-logs-otlp-http": "0.57.2",
        "@opentelemetry/exporter-logs-otlp-proto": "0.57.2",
        "@opentelemetry/exporter-metrics-otlp-grpc": "0.57.2",
        "@opentelemetry/exporter-metrics-otlp-http": "0.57.2",
        "@opentelemetry/exporter-metrics-otlp-proto": "0.57.2",
        "@opentelemetry/exporter-prometheus": "0.57.2",
        "@opentelemetry/exporter-trace-otlp-grpc": "0.57.2",
        "@opentelemetry/exporter-trace-otlp-http": "0.57.2",
        "@opentelemetry/exporter-trace-otlp-proto": "0.57.2",
        "@opentelemetry/exporter-zipkin": "1.30.1",
        "@opentelemetry/instrumentation": "0.57.2",
        "@opentelemetry/resources": "1.30.1",
        "@opentelemetry/sdk-logs": "0.57.2",
        "@opentelemetry/sdk-metrics": "1.30.1",
        "@opentelemetry/sdk-trace-base": "1.30.1",
        "@opentelemetry/sdk-trace-node": "1.30.1",
        "@opentelemetry/semantic-conventions": "1.28.0"
      },
      "devDependencies": {
        "@opentelemetry/api": "1.9.0",
        "@opentelemetry/context-async-hooks": "1.30.1",
        "@opentelemetry/exporter-jaeger": "1.30.1",
        "@types/mocha": "10.0.10",
        "@types/node": "18.6.5",
        "@types/semver": "7.5.8",
        "@types/sinon": "17.0.3",
        "cross-var": "1.1.0",
        "lerna": "6.6.2",
        "mocha": "10.8.2",
        "nyc": "15.1.0",
        "semver": "7.6.3",
        "sinon": "15.1.2",
        "ts-loader": "9.5.1",
        "typescript": "4.4.4"
      },
      "engines": {
        "node": ">=14"
      },
      "peerDependencies": {
        "@opentelemetry/api": ">=1.3.0 <1.10.0"
      }
    },
    "../../node_modules/.pnpm/@opentelemetry+sdk-trace-base@2.7.0_@opentelemetry+api@1.9.0/node_modules/@opentelemetry/sdk-trace-base": {
      "version": "2.7.0",
      "license": "Apache-2.0",
      "dependencies": {
        "@opentelemetry/core": "2.7.0",
        "@opentelemetry/resources": "2.7.0",
        "@opentelemetry/semantic-conventions": "^1.29.0"
      },
      "devDependencies": {
        "@opentelemetry/api": ">=1.3.0 <1.10.0",
        "@opentelemetry/sdk-metrics": "2.7.0",
        "@types/benchmark": "2.1.5",
        "@types/mocha": "10.0.10",
        "@types/node": "18.19.130",
        "@types/sinon": "17.0.4",
        "@types/webpack-env": "1.16.3",
        "babel-plugin-istanbul": "7.0.1",
        "karma": "6.4.4",
        "karma-chrome-launcher": "3.1.0",
        "karma-coverage": "2.2.1",
        "karma-mocha": "2.0.1",
        "karma-mocha-webworker": "1.3.0",
        "karma-spec-reporter": "0.0.36",
        "karma-webpack": "5.0.1",
        "mocha": "11.7.5",
        "nyc": "17.1.0",
        "sinon": "18.0.1",
        "ts-loader": "9.5.4",
        "typescript": "5.0.4",
        "webpack": "5.104.1"
      },
      "engines": {
        "node": "^18.19.0 || >=20.6.0"
      },
      "peerDependencies": {
        "@opentelemetry/api": ">=1.3.0 <1.10.0"
      }
    },
    "../../node_modules/.pnpm/@opentelemetry+semantic-conventions@1.39.0/node_modules/@opentelemetry/semantic-conventions": {
      "version": "1.39.0",
      "license": "Apache-2.0",
      "devDependencies": {
        "@size-limit/file": "^12.0.0",
        "@size-limit/time": "^12.0.0",
        "@size-limit/webpack": "^12.0.0",
        "@types/mocha": "10.0.10",
        "@types/node": "^14.18.63",
        "@types/sinon": "17.0.4",
        "mocha": "11.7.5",
        "nock": "13.5.6",
        "nyc": "17.1.0",
        "sinon": "18.0.1",
        "size-limit": "^12.0.0",
        "ts-node": "10.9.2",
        "typescript": "5.0.4"
      },
      "engines": {
        "node": ">=14"
      }
    },
    "../../node_modules/.pnpm/@types+express@4.17.25/node_modules/@types/express": {
      "version": "4.17.25",
      "dev": true,
      "license": "MIT",
      "dependencies": {
        "@types/body-parser": "*",
        "@types/express-serve-static-core": "^4.17.33",
        "@types/qs": "*",
        "@types/serve-static": "^1"
      }
    },
    "../../node_modules/.pnpm/@types+node@20.19.32/node_modules/@types/node": {
      "version": "20.19.32",
      "dev": true,
      "license": "MIT",
      "dependencies": {
        "undici-types": "~6.21.0"
      }
    },
    "../../node_modules/.pnpm/@types+supertest@7.2.0/node_modules/@types/supertest": {
      "version": "7.2.0",
      "dev": true,
      "license": "MIT",
      "dependencies": {
        "@types/methods": "^1.1.4",
        "@types/superagent": "^8.1.0"
      }
    },
    "../../node_modules/.pnpm/@types+swagger-jsdoc@6.0.4/node_modules/@types/swagger-jsdoc": {
      "version": "6.0.4",
      "dev": true,
      "license": "MIT"
    },
    "../../node_modules/.pnpm/@types+swagger-ui-express@4.1.8/node_modules/@types/swagger-ui-express": {
      "version": "4.1.8",
      "dev": true,
      "license": "MIT",
      "dependencies": {
        "@types/express": "*",
        "@types/serve-static": "*"
      }
    },
    "../../node_modules/.pnpm/@types+ws@8.18.1/node_modules/@types/ws": {
      "version": "8.18.1",
      "dev": true,
      "license": "MIT",
      "dependencies": {
        "@types/node": "*"
      }
    },
    "../../node_modules/.pnpm/cross-env@10.1.0/node_modules/cross-env": {
      "version": "10.1.0",
      "dev": true,
      "license": "MIT",
      "dependencies": {
        "@epic-web/invariant": "^1.0.0",
        "cross-spawn": "^7.0.6"
      },
      "bin": {
        "cross-env": "dist/bin/cross-env.js",
        "cross-env-shell": "dist/bin/cross-env-shell.js"
      },
      "devDependencies": {
        "@epic-web/config": "^1.21.1",
        "@types/cross-spawn": "^6.0.6",
        "@types/node": "^24.1.0",
        "@vitest/coverage-v8": "^3.2.4",
        "@vitest/ui": "^3.2.4",
        "eslint": "^9.32.0",
        "prettier": "^3.6.2",
        "typescript": "^5.8.3",
        "vitest": "^3.2.4",
        "zshy": "^0.3.0"
      },
      "engines": {
        "node": ">=20"
      }
    },
    "../../node_modules/.pnpm/dotenv@16.6.1/node_modules/dotenv": {
      "version": "16.6.1",
      "license": "BSD-2-Clause",
      "devDependencies": {
        "@types/node": "^18.11.3",
        "decache": "^4.6.2",
        "sinon": "^14.0.1",
        "standard": "^17.0.0",
        "standard-version": "^9.5.0",
        "tap": "^19.2.0",
        "typescript": "^4.8.4"
      },
      "engines": {
        "node": ">=12"
      },
      "funding": {
        "url": "https://dotenvx.com"
      }
    },
    "../../node_modules/.pnpm/express@4.22.1/node_modules/express": {
      "version": "4.22.1",
      "license": "MIT",
      "dependencies": {
        "accepts": "~1.3.8",
        "array-flatten": "1.1.1",
        "body-parser": "~1.20.3",
        "content-disposition": "~0.5.4",
        "content-type": "~1.0.4",
        "cookie": "~0.7.1",
        "cookie-signature": "~1.0.6",
        "debug": "2.6.9",
        "depd": "2.0.0",
        "encodeurl": "~2.0.0",
        "escape-html": "~1.0.3",
        "etag": "~1.8.1",
        "finalhandler": "~1.3.1",
        "fresh": "~0.5.2",
        "http-errors": "~2.0.0",
        "merge-descriptors": "1.0.3",
        "methods": "~1.1.2",
        "on-finished": "~2.4.1",
        "parseurl": "~1.3.3",
        "path-to-regexp": "~0.1.12",
        "proxy-addr": "~2.0.7",
        "qs": "~6.14.0",
        "range-parser": "~1.2.1",
        "safe-buffer": "5.2.1",
        "send": "~0.19.0",
        "serve-static": "~1.16.2",
        "setprototypeof": "1.2.0",
        "statuses": "~2.0.1",
        "type-is": "~1.6.18",
        "utils-merge": "1.0.1",
        "vary": "~1.1.2"
      },
      "devDependencies": {
        "after": "0.8.2",
        "connect-redis": "3.4.2",
        "cookie-parser": "1.4.6",
        "cookie-session": "2.0.0",
        "ejs": "3.1.9",
        "eslint": "8.47.0",
        "express-session": "1.17.2",
        "hbs": "4.2.0",
        "marked": "0.7.0",
        "method-override": "3.0.0",
        "mocha": "^6.2.2",
        "morgan": "1.10.0",
        "nyc": "^14.1.1",
        "pbkdf2-password": "1.2.1",
        "supertest": "^6.1.6",
        "vhost": "~3.0.2"
      },
      "engines": {
        "node": ">= 0.10.0"
      },
      "funding": {
        "type": "opencollective",
        "url": "https://opencollective.com/express"
      }
    },
    "../../node_modules/.pnpm/firebase-admin@12.7.0/node_modules/firebase-admin": {
      "version": "12.7.0",
      "license": "Apache-2.0",
      "dependencies": {
        "@fastify/busboy": "^3.0.0",
        "@firebase/database-compat": "1.0.8",
        "@firebase/database-types": "1.0.5",
        "@types/node": "^22.0.1",
        "farmhash-modern": "^1.1.0",
        "jsonwebtoken": "^9.0.0",
        "jwks-rsa": "^3.1.0",
        "node-forge": "^1.3.1",
        "uuid": "^10.0.0"
      },
      "devDependencies": {
        "@firebase/api-documenter": "^0.4.0",
        "@firebase/app-compat": "^0.2.1",
        "@firebase/auth-compat": "^0.4.1",
        "@firebase/auth-types": "^0.12.0",
        "@microsoft/api-extractor": "^7.11.2",
        "@types/bcrypt": "^5.0.0",
        "@types/chai": "^4.0.0",
        "@types/chai-as-promised": "^7.1.0",
        "@types/firebase-token-generator": "^2.0.28",
        "@types/jsonwebtoken": "8.5.1",
        "@types/lodash": "^4.14.104",
        "@types/minimist": "^1.2.2",
        "@types/mocha": "^10.0.0",
        "@types/nock": "^11.1.0",
        "@types/request": "^2.47.0",
        "@types/request-promise": "^4.1.41",
        "@types/sinon": "^17.0.2",
        "@types/sinon-chai": "^3.0.0",
        "@types/uuid": "^10.0.0",
        "@typescript-eslint/eslint-plugin": "^5.62.0",
        "@typescript-eslint/parser": "^5.62.0",
        "bcrypt": "^5.0.0",
        "chai": "^4.2.0",
        "chai-as-promised": "^7.0.0",
        "chai-exclude": "^2.1.0",
        "chalk": "^4.1.1",
        "child-process-promise": "^2.2.1",
        "del": "^6.0.0",
        "eslint": "^8.12.0",
        "firebase-token-generator": "^2.0.0",
        "gulp": "^5.0.0",
        "gulp-filter": "^7.0.0",
        "gulp-header": "^2.0.9",
        "gulp-typescript": "^5.0.1",
        "http-message-parser": "^0.0.34",
        "lodash": "^4.17.15",
        "minimist": "^1.2.6",
        "mocha": "^10.0.0",
        "mz": "^2.7.0",
        "nock": "^13.0.0",
        "npm-run-all": "^4.1.5",
        "nyc": "^17.0.0",
        "request": "^2.75.0",
        "request-promise": "^4.1.1",
        "run-sequence": "^2.2.1",
        "sinon": "^18.0.0",
        "sinon-chai": "^3.0.0",
        "ts-node": "^10.2.0",
        "typescript": "5.1.6",
        "yargs": "^17.0.1"
      },
      "engines": {
        "node": ">=14"
      },
      "optionalDependencies": {
        "@google-cloud/firestore": "^7.7.0",
        "@google-cloud/storage": "^7.7.0"
      }
    },
    "../../node_modules/.pnpm/helmet@8.1.0/node_modules/helmet": {
      "version": "8.1.0",
      "license": "MIT",
      "engines": {
        "node": ">=18.0.0"
      }
    },
    "../../node_modules/.pnpm/ioredis@5.10.1/node_modules/ioredis": {
      "version": "5.10.1",
      "license": "MIT",
      "dependencies": {
        "@ioredis/commands": "1.5.1",
        "cluster-key-slot": "^1.1.0",
        "debug": "^4.3.4",
        "denque": "^2.1.0",
        "lodash.defaults": "^4.2.0",
        "lodash.isarguments": "^3.1.0",
        "redis-errors": "^1.2.0",
        "redis-parser": "^3.0.0",
        "standard-as-callback": "^2.1.0"
      },
      "devDependencies": {
        "@ioredis/interface-generator": "^1.3.0",
        "@semantic-release/changelog": "^6.0.1",
        "@semantic-release/commit-analyzer": "^9.0.2",
        "@semantic-release/git": "^10.0.1",
        "@types/chai": "^4.3.0",
        "@types/chai-as-promised": "^7.1.5",
        "@types/debug": "^4.1.5",
        "@types/lodash.defaults": "^4.2.7",
        "@types/lodash.isarguments": "^3.1.7",
        "@types/mocha": "^9.1.0",
        "@types/node": "^14.18.12",
        "@types/redis-errors": "^1.2.1",
        "@types/sinon": "^10.0.11",
        "@typescript-eslint/eslint-plugin": "^5.48.1",
        "@typescript-eslint/parser": "^5.48.1",
        "chai": "^4.3.6",
        "chai-as-promised": "^7.1.1",
        "eslint": "^8.31.0",
        "eslint-config-prettier": "^8.6.0",
        "mocha": "^9.2.1",
        "nyc": "^15.1.0",
        "prettier": "^2.6.1",
        "semantic-release": "^19.0.2",
        "server-destroy": "^1.0.1",
        "sinon": "^13.0.1",
        "ts-node": "^10.4.0",
        "tsd": "^0.19.1",
        "typedoc": "^0.22.18",
        "typescript": "^4.6.3",
        "uuid": "^9.0.0"
      },
      "engines": {
        "node": ">=12.22.0"
      },
      "funding": {
        "type": "opencollective",
        "url": "https://opencollective.com/ioredis"
      }
    },
    "../../node_modules/.pnpm/supertest@7.2.2/node_modules/supertest": {
      "version": "7.2.2",
      "dev": true,
      "license": "MIT",
      "dependencies": {
        "cookie-signature": "^1.2.2",
        "methods": "^1.1.2",
        "superagent": "^10.3.0"
      },
      "devDependencies": {
        "@commitlint/cli": "17",
        "@commitlint/config-conventional": "17",
        "body-parser": "^1.20.3",
        "cookie-parser": "^1.4.7",
        "eslint": "^8.32.0",
        "eslint-config-airbnb-base": "^15.0.0",
        "eslint-plugin-import": "^2.27.5",
        "express": "^4.18.3",
        "mocha": "^10.2.0",
        "nock": "^13.3.8",
        "nyc": "^15.1.0",
        "proxyquire": "^2.1.3",
        "should": "^13.2.3",
        "sinon": "20.0.0"
      },
      "engines": {
        "node": ">=14.18.0"
      }
    },
    "../../node_modules/.pnpm/swagger-jsdoc@6.2.8_openapi-types@12.1.3/node_modules/swagger-jsdoc": {
      "version": "6.2.8",
      "license": "MIT",
      "dependencies": {
        "commander": "6.2.0",
        "doctrine": "3.0.0",
        "glob": "7.1.6",
        "lodash.mergewith": "^4.6.2",
        "swagger-parser": "^10.0.3",
        "yaml": "2.0.0-1"
      },
      "bin": {
        "swagger-jsdoc": "bin/swagger-jsdoc.js"
      },
      "devDependencies": {
        "body-parser": "1.19.0",
        "eslint": "8.9.0",
        "eslint-config-airbnb-base": "15.0.0",
        "eslint-config-prettier": "6.15.0",
        "eslint-loader": "4.0.2",
        "eslint-plugin-import": "2.25.4",
        "eslint-plugin-jest": "26.1.1",
        "eslint-plugin-prettier": "3.1.4",
        "express": "4.17.1",
        "husky": "7.0.4",
        "jest": "^26.6.1",
        "lint-staged": "10.5.2",
        "npm-run-all": "4.1.5",
        "prettier": "2.2.0",
        "supertest": "6.0.1"
      },
      "engines": {
        "node": ">=12.0.0"
      }
    },
    "../../node_modules/.pnpm/swagger-ui-express@5.0.1_express@4.22.1/node_modules/swagger-ui-express": {
      "version": "5.0.1",
      "license": "MIT",
      "dependencies": {
        "swagger-ui-dist": ">=5.0.0"
      },
      "devDependencies": {
        "es6-shim": "0.35.8",
        "express": "^4.19.2",
        "istanbul-badges-readme": "^1.9.0",
        "mocha": "^10.4.0",
        "nyc": "^15.1.0",
        "puppeteer": "22.8.2"
      },
      "engines": {
        "node": ">= v0.10.32"
      },
      "peerDependencies": {
        "express": ">=4.0.0 || >=5.0.0-beta"
      }
    },
    "../../node_modules/.pnpm/tsx@4.21.0/node_modules/tsx": {
      "version": "4.21.0",
      "dev": true,
      "license": "MIT",
      "dependencies": {
        "esbuild": "~0.27.0",
        "get-tsconfig": "^4.7.5"
      },
      "bin": {
        "tsx": "dist/cli.mjs"
      },
      "engines": {
        "node": ">=18.0.0"
      },
      "optionalDependencies": {
        "fsevents": "~2.3.3"
      }
    },
    "../../node_modules/.pnpm/typescript@5.9.3/node_modules/typescript": {
      "version": "5.9.3",
      "dev": true,
      "license": "Apache-2.0",
      "bin": {
        "tsc": "bin/tsc",
        "tsserver": "bin/tsserver"
      },
      "devDependencies": {
        "@dprint/formatter": "^0.4.1",
        "@dprint/typescript": "0.93.4",
        "@esfx/canceltoken": "^1.0.0",
        "@eslint/js": "^9.20.0",
        "@octokit/rest": "^21.1.1",
        "@types/chai": "^4.3.20",
        "@types/diff": "^7.0.1",
        "@types/minimist": "^1.2.5",
        "@types/mocha": "^10.0.10",
        "@types/ms": "^0.7.34",
        "@types/node": "latest",
        "@types/source-map-support": "^0.5.10",
        "@types/which": "^3.0.4",
        "@typescript-eslint/rule-tester": "^8.24.1",
        "@typescript-eslint/type-utils": "^8.24.1",
        "@typescript-eslint/utils": "^8.24.1",
        "azure-devops-node-api": "^14.1.0",
        "c8": "^10.1.3",
        "chai": "^4.5.0",
        "chokidar": "^4.0.3",
        "diff": "^7.0.0",
        "dprint": "^0.49.0",
        "esbuild": "^0.25.0",
        "eslint": "^9.20.1",
        "eslint-formatter-autolinkable-stylish": "^1.4.0",
        "eslint-plugin-regexp": "^2.7.0",
        "fast-xml-parser": "^4.5.2",
        "glob": "^10.4.5",
        "globals": "^15.15.0",
        "hereby": "^1.10.0",
        "jsonc-parser": "^3.3.1",
        "knip": "^5.44.4",
        "minimist": "^1.2.8",
        "mocha": "^10.8.2",
        "mocha-fivemat-progress-reporter": "^0.1.0",
        "monocart-coverage-reports": "^2.12.1",
        "ms": "^2.1.3",
        "picocolors": "^1.1.1",
        "playwright": "^1.50.1",
        "source-map-support": "^0.5.21",
        "tslib": "^2.8.1",
        "typescript": "^5.7.3",
        "typescript-eslint": "^8.24.1",
        "which": "^3.0.1"
      },
      "engines": {
        "node": ">=14.17"
      }
    },
    "../../node_modules/.pnpm/vitest@3.2.4_@edge-runtime+vm@5.0.0_@types+debug@4.1.13_@types+node@20.19.32_terser@5.46.0/node_modules/vitest": {
      "version": "3.2.4",
      "dev": true,
      "license": "MIT",
      "dependencies": {
        "@types/chai": "^5.2.2",
        "@vitest/expect": "3.2.4",
        "@vitest/mocker": "3.2.4",
        "@vitest/pretty-format": "^3.2.4",
        "@vitest/runner": "3.2.4",
        "@vitest/snapshot": "3.2.4",
        "@vitest/spy": "3.2.4",
        "@vitest/utils": "3.2.4",
        "chai": "^5.2.0",
        "debug": "^4.4.1",
        "expect-type": "^1.2.1",
        "magic-string": "^0.30.17",
        "pathe": "^2.0.3",
        "picomatch": "^4.0.2",
        "std-env": "^3.9.0",
        "tinybench": "^2.9.0",
        "tinyexec": "^0.3.2",
        "tinyglobby": "^0.2.14",
        "tinypool": "^1.1.1",
        "tinyrainbow": "^2.0.0",
        "vite": "^5.0.0 || ^6.0.0 || ^7.0.0-0",
        "vite-node": "3.2.4",
        "why-is-node-running": "^2.3.0"
      },
      "bin": {
        "vitest": "vitest.mjs"
      },
      "devDependencies": {
        "@ampproject/remapping": "^2.3.0",
        "@antfu/install-pkg": "^1.1.0",
        "@edge-runtime/vm": "^5.0.0",
        "@sinonjs/fake-timers": "14.0.0",
        "@types/debug": "^4.1.12",
        "@types/estree": "^1.0.8",
        "@types/istanbul-lib-coverage": "^2.0.6",
        "@types/istanbul-reports": "^3.0.4",
        "@types/jsdom": "^21.1.7",
        "@types/mime": "^4.0.0",
        "@types/node": "^22.15.32",
        "@types/picomatch": "^4.0.0",
        "@types/prompts": "^2.4.9",
        "@types/sinonjs__fake-timers": "^8.1.5",
        "acorn-walk": "^8.3.4",
        "birpc": "2.4.0",
        "cac": "^6.7.14",
        "chai-subset": "^1.6.0",
        "find-up": "^6.3.0",
        "flatted": "^3.3.3",
        "happy-dom": "^17.6.3",
        "jsdom": "^26.1.0",
        "local-pkg": "^1.1.1",
        "mime": "^4.0.7",
        "pretty-format": "^29.7.0",
        "prompts": "^2.4.2",
        "strip-literal": "^3.0.0",
        "ws": "^8.18.2"
      },
      "engines": {
        "node": "^18.0.0 || ^20.0.0 || >=22.0.0"
      },
      "funding": {
        "url": "https://opencollective.com/vitest"
      },
      "peerDependencies": {
        "@edge-runtime/vm": "*",
        "@types/debug": "^4.1.12",
        "@types/node": "^18.0.0 || ^20.0.0 || >=22.0.0",
        "@vitest/browser": "3.2.4",
        "@vitest/ui": "3.2.4",
        "happy-dom": "*",
        "jsdom": "*"
      },
      "peerDependenciesMeta": {
        "@edge-runtime/vm": {
          "optional": true
        },
        "@types/debug": {
          "optional": true
        },
        "@types/node": {
          "optional": true
        },
        "@vitest/browser": {
          "optional": true
        },
        "@vitest/ui": {
          "optional": true
        },
        "happy-dom": {
          "optional": true
        },
        "jsdom": {
          "optional": true
        }
      }
    },
    "../../node_modules/.pnpm/ws@8.20.0_bufferutil@4.1.0_utf-8-validate@6.0.6/node_modules/ws": {
      "version": "8.20.0",
      "license": "MIT",
      "devDependencies": {
        "@eslint/js": "^10.0.1",
        "benchmark": "^2.1.4",
        "bufferutil": "^4.0.1",
        "eslint": "^10.0.1",
        "eslint-config-prettier": "^10.0.1",
        "eslint-plugin-prettier": "^5.0.0",
        "globals": "^17.0.0",
        "mocha": "^8.4.0",
        "nyc": "^15.0.0",
        "prettier": "^3.0.0",
        "utf-8-validate": "^6.0.0"
      },
      "engines": {
        "node": ">=10.0.0"
      },
      "peerDependencies": {
        "bufferutil": "^4.0.1",
        "utf-8-validate": ">=5.0.2"
      },
      "peerDependenciesMeta": {
        "bufferutil": {
          "optional": true
        },
        "utf-8-validate": {
          "optional": true
        }
      }
    },
    "../../packages/types": {
      "name": "@xxt-agent/types",
      "version": "0.0.1",
      "devDependencies": {
        "typescript": "^5.9.3"
      }
    },
    "../../packages/types/node_modules/typescript": {
      "resolved": "../../node_modules/.pnpm/typescript@5.9.3/node_modules/typescript",
      "link": true
    },
    "node_modules/@google-cloud/opentelemetry-cloud-trace-exporter": {
      "resolved": "../../node_modules/.pnpm/@google-cloud+opentelemetry-cloud-trace-exporter@2.4.1_@opentelemetry+api@1.9.0_@opentelemetr_t6zl7trqyewy32trziylf7r67m/node_modules/@google-cloud/opentelemetry-cloud-trace-exporter",
      "link": true
    },
    "node_modules/@opentelemetry/api": {
      "resolved": "../../node_modules/.pnpm/@opentelemetry+api@1.9.0/node_modules/@opentelemetry/api",
      "link": true
    },
    "node_modules/@opentelemetry/auto-instrumentations-node": {
      "resolved": "../../node_modules/.pnpm/@opentelemetry+auto-instrumentations-node@0.56.1_@opentelemetry+api@1.9.0/node_modules/@opentelemetry/auto-instrumentations-node",
      "link": true
    },
    "node_modules/@opentelemetry/resources": {
      "resolved": "../../node_modules/.pnpm/@opentelemetry+resources@2.7.0_@opentelemetry+api@1.9.0/node_modules/@opentelemetry/resources",
      "link": true
    },
    "node_modules/@opentelemetry/sdk-node": {
      "resolved": "../../node_modules/.pnpm/@opentelemetry+sdk-node@0.57.2_@opentelemetry+api@1.9.0/node_modules/@opentelemetry/sdk-node",
      "link": true
    },
    "node_modules/@opentelemetry/sdk-trace-base": {
      "resolved": "../../node_modules/.pnpm/@opentelemetry+sdk-trace-base@2.7.0_@opentelemetry+api@1.9.0/node_modules/@opentelemetry/sdk-trace-base",
      "link": true
    },
    "node_modules/@opentelemetry/semantic-conventions": {
      "resolved": "../../node_modules/.pnpm/@opentelemetry+semantic-conventions@1.39.0/node_modules/@opentelemetry/semantic-conventions",
      "link": true
    },
    "node_modules/@types/express": {
      "resolved": "../../node_modules/.pnpm/@types+express@4.17.25/node_modules/@types/express",
      "link": true
    },
    "node_modules/@types/node": {
      "resolved": "../../node_modules/.pnpm/@types+node@20.19.32/node_modules/@types/node",
      "link": true
    },
    "node_modules/@types/supertest": {
      "resolved": "../../node_modules/.pnpm/@types+supertest@7.2.0/node_modules/@types/supertest",
      "link": true
    },
    "node_modules/@types/swagger-jsdoc": {
      "resolved": "../../node_modules/.pnpm/@types+swagger-jsdoc@6.0.4/node_modules/@types/swagger-jsdoc",
      "link": true
    },
    "node_modules/@types/swagger-ui-express": {
      "resolved": "../../node_modules/.pnpm/@types+swagger-ui-express@4.1.8/node_modules/@types/swagger-ui-express",
      "link": true
    },
    "node_modules/@types/ws": {
      "resolved": "../../node_modules/.pnpm/@types+ws@8.18.1/node_modules/@types/ws",
      "link": true
    },
    "node_modules/@xxt-agent/types": {
      "resolved": "../../packages/types",
      "link": true
    },
    "node_modules/cross-env": {
      "resolved": "../../node_modules/.pnpm/cross-env@10.1.0/node_modules/cross-env",
      "link": true
    },
    "node_modules/dotenv": {
      "resolved": "../../node_modules/.pnpm/dotenv@16.6.1/node_modules/dotenv",
      "link": true
    },
    "node_modules/express": {
      "resolved": "../../node_modules/.pnpm/express@4.22.1/node_modules/express",
      "link": true
    },
    "node_modules/firebase-admin": {
      "resolved": "../../node_modules/.pnpm/firebase-admin@12.7.0/node_modules/firebase-admin",
      "link": true
    },
    "node_modules/helmet": {
      "resolved": "../../node_modules/.pnpm/helmet@8.1.0/node_modules/helmet",
      "link": true
    },
    "node_modules/ioredis": {
      "resolved": "../../node_modules/.pnpm/ioredis@5.10.1/node_modules/ioredis",
      "link": true
    },
    "node_modules/supertest": {
      "resolved": "../../node_modules/.pnpm/supertest@7.2.2/node_modules/supertest",
      "link": true
    },
    "node_modules/swagger-jsdoc": {
      "resolved": "../../node_modules/.pnpm/swagger-jsdoc@6.2.8_openapi-types@12.1.3/node_modules/swagger-jsdoc",
      "link": true
    },
    "node_modules/swagger-ui-express": {
      "resolved": "../../node_modules/.pnpm/swagger-ui-express@5.0.1_express@4.22.1/node_modules/swagger-ui-express",
      "link": true
    },
    "node_modules/tsx": {
      "resolved": "../../node_modules/.pnpm/tsx@4.21.0/node_modules/tsx",
      "link": true
    },
    "node_modules/typescript": {
      "resolved": "../../node_modules/.pnpm/typescript@5.9.3/node_modules/typescript",
      "link": true
    },
    "node_modules/vitest": {
      "resolved": "../../node_modules/.pnpm/vitest@3.2.4_@edge-runtime+vm@5.0.0_@types+debug@4.1.13_@types+node@20.19.32_terser@5.46.0/node_modules/vitest",
      "link": true
    },
    "node_modules/ws": {
      "resolved": "../../node_modules/.pnpm/ws@8.20.0_bufferutil@4.1.0_utf-8-validate@6.0.6/node_modules/ws",
      "link": true
    }
  }
}
